
Microsoft Visual Studio Solution File, Format Version 12.00
Project("{FAE04EC0-301F-11D3-BF4B-00C04F79EFBC}") = "Company_APBD", "Company_APBD\Company_APBD.csproj", "{A3F344EA-15E8-4E6D-980D-BE52A587D7F0}"
EndProject
Global
	GlobalSection(SolutionConfigurationPlatforms) = preSolution
		Debug|Any CPU = Debug|Any CPU
		Release|Any CPU = Release|Any CPU
	EndGlobalSection
	GlobalSection(ProjectConfigurationPlatforms) = postSolution
		{A3F344EA-15E8-4E6D-980D-BE52A587D7F0}.Debug|Any CPU.ActiveCfg = Debug|Any CPU
		{A3F344EA-15E8-4E6D-980D-BE52A587D7F0}.Debug|Any CPU.Build.0 = Debug|Any CPU
		{A3F344EA-15E8-4E6D-980D-BE52A587D7F0}.Release|Any CPU.ActiveCfg = Release|Any CPU
		{A3F344EA-15E8-4E6D-980D-BE52A587D7F0}.Release|Any CPU.Build.0 = Release|Any CPU
	EndGlobalSection
EndGlobal
